// !$*UTF8*$!
{
	archiveVersion = 1;
	classes = {
	};
	objectVersion = 46;
	objects = {

/* Begin PBXBuildFile section */
		7D7BAA421C1070A8009FD371 /* AIVAHomeScreenViewController.m in Sources */ = {isa = PBXBuildFile; fileRef = 7D7BAA411C1070A8009FD371 /* AIVAHomeScreenViewController.m */; };
		7D7BAA531C15AF93009FD371 /* MapKit.framework in Frameworks */ = {isa = PBXBuildFile; fileRef = 7D7BAA521C15AF93009FD371 /* MapKit.framework */; };
		7D7BAA581C16A165009FD371 /* ActivityIndicatorView.m in Sources */ = {isa = PBXBuildFile; fileRef = 7D7BAA561C16A165009FD371 /* ActivityIndicatorView.m */; };
		7D7BAA591C16A165009FD371 /* ActivityIndicatorView.xib in Resources */ = {isa = PBXBuildFile; fileRef = 7D7BAA571C16A165009FD371 /* ActivityIndicatorView.xib */; };
		7D7BAA631C16BCFC009FD371 /* CoreLocation.framework in Frameworks */ = {isa = PBXBuildFile; fileRef = 7D7BAA621C16BCFC009FD371 /* CoreLocation.framework */; };
		7D7BAA691C16D22A009FD371 /* FBLoginView.m in Sources */ = {isa = PBXBuildFile; fileRef = 7D7BAA681C16D22A009FD371 /* FBLoginView.m */; };
		7D7BAA6D1C16D26C009FD371 /* FBProfilePicView.m in Sources */ = {isa = PBXBuildFile; fileRef = 7D7BAA6C1C16D26C009FD371 /* FBProfilePicView.m */; };
		7D918F551C049526003C996D /* AIVAFacebookSignInViewController.m in Sources */ = {isa = PBXBuildFile; fileRef = 7D918F541C049526003C996D /* AIVAFacebookSignInViewController.m */; };
		7DC1898A1C045C6B005B8EB9 /* main.m in Sources */ = {isa = PBXBuildFile; fileRef = 7DC189891C045C6B005B8EB9 /* main.m */; };
		7DC1898D1C045C6B005B8EB9 /* AppDelegate.m in Sources */ = {isa = PBXBuildFile; fileRef = 7DC1898C1C045C6B005B8EB9 /* AppDelegate.m */; };
		7DC189901C045C6B005B8EB9 /* AIVALoginScreenViewController.m in Sources */ = {isa = PBXBuildFile; fileRef = 7DC1898F1C045C6B005B8EB9 /* AIVALoginScreenViewController.m */; };
		7DC189931C045C6B005B8EB9 /* Main.storyboard in Resources */ = {isa = PBXBuildFile; fileRef = 7DC189911C045C6B005B8EB9 /* Main.storyboard */; };
		7DC189951C045C6B005B8EB9 /* Images.xcassets in Resources */ = {isa = PBXBuildFile; fileRef = 7DC189941C045C6B005B8EB9 /* Images.xcassets */; };
		7DC189981C045C6B005B8EB9 /* LaunchScreen.xib in Resources */ = {isa = PBXBuildFile; fileRef = 7DC189961C045C6B005B8EB9 /* LaunchScreen.xib */; };
		7DC189A41C045C6B005B8EB9 /* AivaTests.m in Sources */ = {isa = PBXBuildFile; fileRef = 7DC189A31C045C6B005B8EB9 /* AivaTests.m */; };
		7DC189DD1C04641E005B8EB9 /* Common in Resources */ = {isa = PBXBuildFile; fileRef = 7DC189DB1C04641E005B8EB9 /* Common */; };
		7DC189DE1C04641E005B8EB9 /* Welcomescreen in Resources */ = {isa = PBXBuildFile; fileRef = 7DC189DC1C04641E005B8EB9 /* Welcomescreen */; };
		7DC189E21C046F30005B8EB9 /* AIVAEmailSignInViewController.m in Sources */ = {isa = PBXBuildFile; fileRef = 7DC189E11C046F30005B8EB9 /* AIVAEmailSignInViewController.m */; };
		7DC189E61C04756C005B8EB9 /* AIVAForgotPasswordViewController.m in Sources */ = {isa = PBXBuildFile; fileRef = 7DC189E51C04756C005B8EB9 /* AIVAForgotPasswordViewController.m */; };
		7DC189EA1C047B77005B8EB9 /* AIVASignUpViewController.m in Sources */ = {isa = PBXBuildFile; fileRef = 7DC189E91C047B77005B8EB9 /* AIVASignUpViewController.m */; };
		7DE0E5701C17EB1000383CAE /* APIClient.m in Sources */ = {isa = PBXBuildFile; fileRef = 7DE0E5691C17EB1000383CAE /* APIClient.m */; };
		7DE0E5721C17EB1000383CAE /* APIClient+SignInAPI.m in Sources */ = {isa = PBXBuildFile; fileRef = 7DE0E56D1C17EB1000383CAE /* APIClient+SignInAPI.m */; };
		7DE0E5731C17EB1000383CAE /* APIClient+SignUpAPI.m in Sources */ = {isa = PBXBuildFile; fileRef = 7DE0E56F1C17EB1000383CAE /* APIClient+SignUpAPI.m */; };
		7DE2730E1C06D659008AB767 /* AIVAUserInformation.m in Sources */ = {isa = PBXBuildFile; fileRef = 7DE2730D1C06D659008AB767 /* AIVAUserInformation.m */; };
		7DE46B661C081A2000D8A9C5 /* NSMutableURLRequest+DefaultHeader.m in Sources */ = {isa = PBXBuildFile; fileRef = 7DE46B651C081A2000D8A9C5 /* NSMutableURLRequest+DefaultHeader.m */; };
/* End PBXBuildFile section */

/* Begin PBXContainerItemProxy section */
		7DC1899E1C045C6B005B8EB9 /* PBXContainerItemProxy */ = {
			isa = PBXContainerItemProxy;
			containerPortal = 7DC1897C1C045C6B005B8EB9 /* Project object */;
			proxyType = 1;
			remoteGlobalIDString = 7DC189831C045C6B005B8EB9;
			remoteInfo = Aiva;
		};
/* End PBXContainerItemProxy section */

/* Begin PBXFileReference section */
		7D7BAA401C1070A8009FD371 /* AIVAHomeScreenViewController.h */ = {isa = PBXFileReference; fileEncoding = 4; lastKnownFileType = sourcecode.c.h; path = AIVAHomeScreenViewController.h; sourceTree = "<group>"; };
		7D7BAA411C1070A8009FD371 /* AIVAHomeScreenViewController.m */ = {isa = PBXFileReference; fileEncoding = 4; lastKnownFileType = sourcecode.c.objc; path = AIVAHomeScreenViewController.m; sourceTree = "<group>"; };
		7D7BAA521C15AF93009FD371 /* MapKit.framework */ = {isa = PBXFileReference; lastKnownFileType = wrapper.framework; name = MapKit.framework; path = System/Library/Frameworks/MapKit.framework; sourceTree = SDKROOT; };
		7D7BAA551C16A165009FD371 /* ActivityIndicatorView.h */ = {isa = PBXFileReference; fileEncoding = 4; lastKnownFileType = sourcecode.c.h; path = ActivityIndicatorView.h; sourceTree = "<group>"; };
		7D7BAA561C16A165009FD371 /* ActivityIndicatorView.m */ = {isa = PBXFileReference; fileEncoding = 4; lastKnownFileType = sourcecode.c.objc; path = ActivityIndicatorView.m; sourceTree = "<group>"; };
		7D7BAA571C16A165009FD371 /* ActivityIndicatorView.xib */ = {isa = PBXFileReference; fileEncoding = 4; lastKnownFileType = file.xib; path = ActivityIndicatorView.xib; sourceTree = "<group>"; };
		7D7BAA621C16BCFC009FD371 /* CoreLocation.framework */ = {isa = PBXFileReference; lastKnownFileType = wrapper.framework; name = CoreLocation.framework; path = System/Library/Frameworks/CoreLocation.framework; sourceTree = SDKROOT; };
		7D7BAA671C16D22A009FD371 /* FBLoginView.h */ = {isa = PBXFileReference; fileEncoding = 4; lastKnownFileType = sourcecode.c.h; path = FBLoginView.h; sourceTree = "<group>"; };
		7D7BAA681C16D22A009FD371 /* FBLoginView.m */ = {isa = PBXFileReference; fileEncoding = 4; lastKnownFileType = sourcecode.c.objc; path = FBLoginView.m; sourceTree = "<group>"; };
		7D7BAA6B1C16D26C009FD371 /* FBProfilePicView.h */ = {isa = PBXFileReference; fileEncoding = 4; lastKnownFileType = sourcecode.c.h; path = FBProfilePicView.h; sourceTree = "<group>"; };
		7D7BAA6C1C16D26C009FD371 /* FBProfilePicView.m */ = {isa = PBXFileReference; fileEncoding = 4; lastKnownFileType = sourcecode.c.objc; path = FBProfilePicView.m; sourceTree = "<group>"; };
		7D918F531C049526003C996D /* AIVAFacebookSignInViewController.h */ = {isa = PBXFileReference; fileEncoding = 4; lastKnownFileType = sourcecode.c.h; path = AIVAFacebookSignInViewController.h; sourceTree = "<group>"; };
		7D918F541C049526003C996D /* AIVAFacebookSignInViewController.m */ = {isa = PBXFileReference; fileEncoding = 4; lastKnownFileType = sourcecode.c.objc; path = AIVAFacebookSignInViewController.m; sourceTree = "<group>"; };
		7DC189841C045C6B005B8EB9 /* Aiva.app */ = {isa = PBXFileReference; explicitFileType = wrapper.application; includeInIndex = 0; path = Aiva.app; sourceTree = BUILT_PRODUCTS_DIR; };
		7DC189881C045C6B005B8EB9 /* Info.plist */ = {isa = PBXFileReference; lastKnownFileType = text.plist.xml; path = Info.plist; sourceTree = "<group>"; };
		7DC189891C045C6B005B8EB9 /* main.m */ = {isa = PBXFileReference; lastKnownFileType = sourcecode.c.objc; path = main.m; sourceTree = "<group>"; };
		7DC1898B1C045C6B005B8EB9 /* AppDelegate.h */ = {isa = PBXFileReference; lastKnownFileType = sourcecode.c.h; path = AppDelegate.h; sourceTree = "<group>"; };
		7DC1898C1C045C6B005B8EB9 /* AppDelegate.m */ = {isa = PBXFileReference; lastKnownFileType = sourcecode.c.objc; path = AppDelegate.m; sourceTree = "<group>"; };
		7DC1898E1C045C6B005B8EB9 /* AIVALoginScreenViewController.h */ = {isa = PBXFileReference; lastKnownFileType = sourcecode.c.h; path = AIVALoginScreenViewController.h; sourceTree = "<group>"; };
		7DC1898F1C045C6B005B8EB9 /* AIVALoginScreenViewController.m */ = {isa = PBXFileReference; lastKnownFileType = sourcecode.c.objc; path = AIVALoginScreenViewController.m; sourceTree = "<group>"; };
		7DC189921C045C6B005B8EB9 /* Base */ = {isa = PBXFileReference; lastKnownFileType = file.storyboard; name = Base; path = Base.lproj/Main.storyboard; sourceTree = "<group>"; };
		7DC189941C045C6B005B8EB9 /* Images.xcassets */ = {isa = PBXFileReference; lastKnownFileType = folder.assetcatalog; path = Images.xcassets; sourceTree = "<group>"; };
		7DC189971C045C6B005B8EB9 /* Base */ = {isa = PBXFileReference; lastKnownFileType = file.xib; name = Base; path = Base.lproj/LaunchScreen.xib; sourceTree = "<group>"; };
		7DC1899D1C045C6B005B8EB9 /* AivaTests.xctest */ = {isa = PBXFileReference; explicitFileType = wrapper.cfbundle; includeInIndex = 0; path = AivaTests.xctest; sourceTree = BUILT_PRODUCTS_DIR; };
		7DC189A21C045C6B005B8EB9 /* Info.plist */ = {isa = PBXFileReference; lastKnownFileType = text.plist.xml; path = Info.plist; sourceTree = "<group>"; };
		7DC189A31C045C6B005B8EB9 /* AivaTests.m */ = {isa = PBXFileReference; lastKnownFileType = sourcecode.c.objc; path = AivaTests.m; sourceTree = "<group>"; };
		7DC189DB1C04641E005B8EB9 /* Common */ = {isa = PBXFileReference; lastKnownFileType = folder; path = Common; sourceTree = "<group>"; };
		7DC189DC1C04641E005B8EB9 /* Welcomescreen */ = {isa = PBXFileReference; lastKnownFileType = folder; path = Welcomescreen; sourceTree = "<group>"; };
		7DC189E01C046F2F005B8EB9 /* AIVAEmailSignInViewController.h */ = {isa = PBXFileReference; fileEncoding = 4; lastKnownFileType = sourcecode.c.h; path = AIVAEmailSignInViewController.h; sourceTree = "<group>"; };
		7DC189E11C046F30005B8EB9 /* AIVAEmailSignInViewController.m */ = {isa = PBXFileReference; fileEncoding = 4; lastKnownFileType = sourcecode.c.objc; path = AIVAEmailSignInViewController.m; sourceTree = "<group>"; };
		7DC189E41C04756C005B8EB9 /* AIVAForgotPasswordViewController.h */ = {isa = PBXFileReference; fileEncoding = 4; lastKnownFileType = sourcecode.c.h; path = AIVAForgotPasswordViewController.h; sourceTree = "<group>"; };
		7DC189E51C04756C005B8EB9 /* AIVAForgotPasswordViewController.m */ = {isa = PBXFileReference; fileEncoding = 4; lastKnownFileType = sourcecode.c.objc; path = AIVAForgotPasswordViewController.m; sourceTree = "<group>"; };
		7DC189E81C047B77005B8EB9 /* AIVASignUpViewController.h */ = {isa = PBXFileReference; fileEncoding = 4; lastKnownFileType = sourcecode.c.h; path = AIVASignUpViewController.h; sourceTree = "<group>"; };
		7DC189E91C047B77005B8EB9 /* AIVASignUpViewController.m */ = {isa = PBXFileReference; fileEncoding = 4; lastKnownFileType = sourcecode.c.objc; path = AIVASignUpViewController.m; sourceTree = "<group>"; };
		7DE0E5681C17EB1000383CAE /* APIClient.h */ = {isa = PBXFileReference; fileEncoding = 4; lastKnownFileType = sourcecode.c.h; path = APIClient.h; sourceTree = "<group>"; };
		7DE0E5691C17EB1000383CAE /* APIClient.m */ = {isa = PBXFileReference; fileEncoding = 4; lastKnownFileType = sourcecode.c.objc; path = APIClient.m; sourceTree = "<group>"; };
		7DE0E56C1C17EB1000383CAE /* APIClient+SignInAPI.h */ = {isa = PBXFileReference; fileEncoding = 4; lastKnownFileType = sourcecode.c.h; path = "APIClient+SignInAPI.h"; sourceTree = "<group>"; };
		7DE0E56D1C17EB1000383CAE /* APIClient+SignInAPI.m */ = {isa = PBXFileReference; fileEncoding = 4; lastKnownFileType = sourcecode.c.objc; path = "APIClient+SignInAPI.m"; sourceTree = "<group>"; };
		7DE0E56E1C17EB1000383CAE /* APIClient+SignUpAPI.h */ = {isa = PBXFileReference; fileEncoding = 4; lastKnownFileType = sourcecode.c.h; path = "APIClient+SignUpAPI.h"; sourceTree = "<group>"; };
		7DE0E56F1C17EB1000383CAE /* APIClient+SignUpAPI.m */ = {isa = PBXFileReference; fileEncoding = 4; lastKnownFileType = sourcecode.c.objc; path = "APIClient+SignUpAPI.m"; sourceTree = "<group>"; };
		7DE2730C1C06D659008AB767 /* AIVAUserInformation.h */ = {isa = PBXFileReference; fileEncoding = 4; lastKnownFileType = sourcecode.c.h; path = AIVAUserInformation.h; sourceTree = "<group>"; };
		7DE2730D1C06D659008AB767 /* AIVAUserInformation.m */ = {isa = PBXFileReference; fileEncoding = 4; lastKnownFileType = sourcecode.c.objc; path = AIVAUserInformation.m; sourceTree = "<group>"; };
		7DE46B641C081A2000D8A9C5 /* NSMutableURLRequest+DefaultHeader.h */ = {isa = PBXFileReference; fileEncoding = 4; lastKnownFileType = sourcecode.c.h; path = "NSMutableURLRequest+DefaultHeader.h"; sourceTree = "<group>"; };
		7DE46B651C081A2000D8A9C5 /* NSMutableURLRequest+DefaultHeader.m */ = {isa = PBXFileReference; fileEncoding = 4; lastKnownFileType = sourcecode.c.objc; path = "NSMutableURLRequest+DefaultHeader.m"; sourceTree = "<group>"; };
/* End PBXFileReference section */

/* Begin PBXFrameworksBuildPhase section */
		7DC189811C045C6B005B8EB9 /* Frameworks */ = {
			isa = PBXFrameworksBuildPhase;
			buildActionMask = 2147483647;
			files = (
				7D7BAA631C16BCFC009FD371 /* CoreLocation.framework in Frameworks */,
				7D7BAA531C15AF93009FD371 /* MapKit.framework in Frameworks */,
			);
			runOnlyForDeploymentPostprocessing = 0;
		};
		7DC1899A1C045C6B005B8EB9 /* Frameworks */ = {
			isa = PBXFrameworksBuildPhase;
			buildActionMask = 2147483647;
			files = (
			);
			runOnlyForDeploymentPostprocessing = 0;
		};
/* End PBXFrameworksBuildPhase section */

/* Begin PBXGroup section */
		7D17BB911C05809200C12FDD /* Login Screen */ = {
			isa = PBXGroup;
			children = (
				7DC1898E1C045C6B005B8EB9 /* AIVALoginScreenViewController.h */,
				7DC1898F1C045C6B005B8EB9 /* AIVALoginScreenViewController.m */,
			);
			name = "Login Screen";
			sourceTree = "<group>";
		};
		7D17BB921C05817C00C12FDD /* AppDelegate */ = {
			isa = PBXGroup;
			children = (
				7DC1898B1C045C6B005B8EB9 /* AppDelegate.h */,
				7DC1898C1C045C6B005B8EB9 /* AppDelegate.m */,
			);
			name = AppDelegate;
			sourceTree = "<group>";
		};
		7D7BAA3F1C107081009FD371 /* Home Screen */ = {
			isa = PBXGroup;
			children = (
				7D7BAA401C1070A8009FD371 /* AIVAHomeScreenViewController.h */,
				7D7BAA411C1070A8009FD371 /* AIVAHomeScreenViewController.m */,
			);
			name = "Home Screen";
			sourceTree = "<group>";
		};
		7D7BAA541C169969009FD371 /* Loader */ = {
			isa = PBXGroup;
			children = (
				7D7BAA551C16A165009FD371 /* ActivityIndicatorView.h */,
				7D7BAA561C16A165009FD371 /* ActivityIndicatorView.m */,
				7D7BAA571C16A165009FD371 /* ActivityIndicatorView.xib */,
			);
			name = Loader;
			sourceTree = "<group>";
		};
		7D7BAA661C16D1EE009FD371 /* FB Login View */ = {
			isa = PBXGroup;
			children = (
				7D7BAA671C16D22A009FD371 /* FBLoginView.h */,
				7D7BAA681C16D22A009FD371 /* FBLoginView.m */,
			);
			name = "FB Login View";
			sourceTree = "<group>";
		};
		7D7BAA6A1C16D22F009FD371 /* FB Profile Pic view */ = {
			isa = PBXGroup;
			children = (
				7D7BAA6B1C16D26C009FD371 /* FBProfilePicView.h */,
				7D7BAA6C1C16D26C009FD371 /* FBProfilePicView.m */,
			);
			name = "FB Profile Pic view";
			sourceTree = "<group>";
		};
		7D8F19F51C0C2785004DC4F2 /* Rest API */ = {
			isa = PBXGroup;
			children = (
				7DE0E5681C17EB1000383CAE /* APIClient.h */,
				7DE0E5691C17EB1000383CAE /* APIClient.m */,
				7DE0E56C1C17EB1000383CAE /* APIClient+SignInAPI.h */,
				7DE0E56D1C17EB1000383CAE /* APIClient+SignInAPI.m */,
				7DE0E56E1C17EB1000383CAE /* APIClient+SignUpAPI.h */,
				7DE0E56F1C17EB1000383CAE /* APIClient+SignUpAPI.m */,
			);
			name = "Rest API";
			sourceTree = "<group>";
		};
		7D8F19FC1C0D90EB004DC4F2 /* Controllers */ = {
			isa = PBXGroup;
			children = (
				7D7BAA3F1C107081009FD371 /* Home Screen */,
				7D17BB911C05809200C12FDD /* Login Screen */,
				7DC189E71C047B5B005B8EB9 /* Sign Up */,
				7DC189DF1C046F09005B8EB9 /* Email Sign In */,
				7DC189E31C04754F005B8EB9 /* Forgot Password */,
				7D918F521C0494EA003C996D /* Facebook Sign In */,
			);
			name = Controllers;
			sourceTree = "<group>";
		};
		7D8F19FD1C0D97AB004DC4F2 /* Network Services */ = {
			isa = PBXGroup;
			children = (
				7DE2730F1C070B39008AB767 /* Headers */,
				7D8F19F51C0C2785004DC4F2 /* Rest API */,
				7D7BAA541C169969009FD371 /* Loader */,
			);
			name = "Network Services";
			sourceTree = "<group>";
		};
		7D8F19FE1C0D97CD004DC4F2 /* View */ = {
			isa = PBXGroup;
			children = (
				7DC189911C045C6B005B8EB9 /* Main.storyboard */,
				7DC189961C045C6B005B8EB9 /* LaunchScreen.xib */,
			);
			name = View;
			sourceTree = "<group>";
		};
		7D8F19FF1C0D98B5004DC4F2 /* Resources */ = {
			isa = PBXGroup;
			children = (
				7DC189DA1C0463FD005B8EB9 /* Images */,
			);
			name = Resources;
			sourceTree = "<group>";
		};
		7D918F521C0494EA003C996D /* Facebook Sign In */ = {
			isa = PBXGroup;
			children = (
				7D918F531C049526003C996D /* AIVAFacebookSignInViewController.h */,
				7D918F541C049526003C996D /* AIVAFacebookSignInViewController.m */,
				7D7BAA6A1C16D22F009FD371 /* FB Profile Pic view */,
				7D7BAA661C16D1EE009FD371 /* FB Login View */,
			);
			name = "Facebook Sign In";
			sourceTree = "<group>";
		};
		7DC1897B1C045C6B005B8EB9 = {
			isa = PBXGroup;
			children = (
				7D7BAA621C16BCFC009FD371 /* CoreLocation.framework */,
				7D7BAA521C15AF93009FD371 /* MapKit.framework */,
				7DC189861C045C6B005B8EB9 /* Aiva */,
				7DC189A01C045C6B005B8EB9 /* AivaTests */,
				7DC189851C045C6B005B8EB9 /* Products */,
			);
			sourceTree = "<group>";
		};
		7DC189851C045C6B005B8EB9 /* Products */ = {
			isa = PBXGroup;
			children = (
				7DC189841C045C6B005B8EB9 /* Aiva.app */,
				7DC1899D1C045C6B005B8EB9 /* AivaTests.xctest */,
			);
			name = Products;
			sourceTree = "<group>";
		};
		7DC189861C045C6B005B8EB9 /* Aiva */ = {
			isa = PBXGroup;
			children = (
				7D17BB921C05817C00C12FDD /* AppDelegate */,
				7D8F19FD1C0D97AB004DC4F2 /* Network Services */,
				7DE2730A1C06D592008AB767 /* Modal */,
				7D8F19FC1C0D90EB004DC4F2 /* Controllers */,
				7D8F19FE1C0D97CD004DC4F2 /* View */,
				7DC189871C045C6B005B8EB9 /* Supporting Files */,
			);
			path = Aiva;
			sourceTree = "<group>";
		};
		7DC189871C045C6B005B8EB9 /* Supporting Files */ = {
			isa = PBXGroup;
			children = (
				7D8F19FF1C0D98B5004DC4F2 /* Resources */,
				7DC189881C045C6B005B8EB9 /* Info.plist */,
				7DC189891C045C6B005B8EB9 /* main.m */,
			);
			name = "Supporting Files";
			sourceTree = "<group>";
		};
		7DC189A01C045C6B005B8EB9 /* AivaTests */ = {
			isa = PBXGroup;
			children = (
				7DC189A31C045C6B005B8EB9 /* AivaTests.m */,
				7DC189A11C045C6B005B8EB9 /* Supporting Files */,
			);
			path = AivaTests;
			sourceTree = "<group>";
		};
		7DC189A11C045C6B005B8EB9 /* Supporting Files */ = {
			isa = PBXGroup;
			children = (
				7DC189A21C045C6B005B8EB9 /* Info.plist */,
			);
			name = "Supporting Files";
			sourceTree = "<group>";
		};
		7DC189DA1C0463FD005B8EB9 /* Images */ = {
			isa = PBXGroup;
			children = (
				7DC189941C045C6B005B8EB9 /* Images.xcassets */,
				7DC189DB1C04641E005B8EB9 /* Common */,
				7DC189DC1C04641E005B8EB9 /* Welcomescreen */,
			);
			name = Images;
			sourceTree = "<group>";
		};
		7DC189DF1C046F09005B8EB9 /* Email Sign In */ = {
			isa = PBXGroup;
			children = (
				7DC189E01C046F2F005B8EB9 /* AIVAEmailSignInViewController.h */,
				7DC189E11C046F30005B8EB9 /* AIVAEmailSignInViewController.m */,
			);
			name = "Email Sign In";
			sourceTree = "<group>";
		};
		7DC189E31C04754F005B8EB9 /* Forgot Password */ = {
			isa = PBXGroup;
			children = (
				7DC189E41C04756C005B8EB9 /* AIVAForgotPasswordViewController.h */,
				7DC189E51C04756C005B8EB9 /* AIVAForgotPasswordViewController.m */,
			);
			name = "Forgot Password";
			sourceTree = "<group>";
		};
		7DC189E71C047B5B005B8EB9 /* Sign Up */ = {
			isa = PBXGroup;
			children = (
				7DC189E81C047B77005B8EB9 /* AIVASignUpViewController.h */,
				7DC189E91C047B77005B8EB9 /* AIVASignUpViewController.m */,
			);
			name = "Sign Up";
			sourceTree = "<group>";
		};
		7DE2730A1C06D592008AB767 /* Modal */ = {
			isa = PBXGroup;
			children = (
				7DE2730B1C06D625008AB767 /* User Info */,
			);
			name = Modal;
			sourceTree = "<group>";
		};
		7DE2730B1C06D625008AB767 /* User Info */ = {
			isa = PBXGroup;
			children = (
				7DE2730C1C06D659008AB767 /* AIVAUserInformation.h */,
				7DE2730D1C06D659008AB767 /* AIVAUserInformation.m */,
			);
			name = "User Info";
			sourceTree = "<group>";
		};
		7DE2730F1C070B39008AB767 /* Headers */ = {
			isa = PBXGroup;
			children = (
				7DE46B641C081A2000D8A9C5 /* NSMutableURLRequest+DefaultHeader.h */,
				7DE46B651C081A2000D8A9C5 /* NSMutableURLRequest+DefaultHeader.m */,
			);
			name = Headers;
			sourceTree = "<group>";
		};
/* End PBXGroup section */

/* Begin PBXNativeTarget section */
		7DC189831C045C6B005B8EB9 /* Aiva */ = {
			isa = PBXNativeTarget;
			buildConfigurationList = 7DC189A71C045C6B005B8EB9 /* Build configuration list for PBXNativeTarget "Aiva" */;
			buildPhases = (
				7DC189801C045C6B005B8EB9 /* Sources */,
				7DC189811C045C6B005B8EB9 /* Frameworks */,
				7DC189821C045C6B005B8EB9 /* Resources */,
			);
			buildRules = (
			);
			dependencies = (
			);
			name = Aiva;
			productName = Aiva;
			productReference = 7DC189841C045C6B005B8EB9 /* Aiva.app */;
			productType = "com.apple.product-type.application";
		};
		7DC1899C1C045C6B005B8EB9 /* AivaTests */ = {
			isa = PBXNativeTarget;
			buildConfigurationList = 7DC189AA1C045C6B005B8EB9 /* Build configuration list for PBXNativeTarget "AivaTests" */;
			buildPhases = (
				7DC189991C045C6B005B8EB9 /* Sources */,
				7DC1899A1C045C6B005B8EB9 /* Frameworks */,
				7DC1899B1C045C6B005B8EB9 /* Resources */,
			);
			buildRules = (
			);
			dependencies = (
				7DC1899F1C045C6B005B8EB9 /* PBXTargetDependency */,
			);
			name = AivaTests;
			productName = AivaTests;
			productReference = 7DC1899D1C045C6B005B8EB9 /* AivaTests.xctest */;
			productType = "com.apple.product-type.bundle.unit-test";
		};
/* End PBXNativeTarget section */

/* Begin PBXProject section */
		7DC1897C1C045C6B005B8EB9 /* Project object */ = {
			isa = PBXProject;
			attributes = {
				LastUpgradeCheck = 0640;
				ORGANIZATIONNAME = "Sourcebits Technologies";
				TargetAttributes = {
					7DC189831C045C6B005B8EB9 = {
						CreatedOnToolsVersion = 6.4;
					};
					7DC1899C1C045C6B005B8EB9 = {
						CreatedOnToolsVersion = 6.4;
						TestTargetID = 7DC189831C045C6B005B8EB9;
					};
				};
			};
			buildConfigurationList = 7DC1897F1C045C6B005B8EB9 /* Build configuration list for PBXProject "Aiva" */;
			compatibilityVersion = "Xcode 3.2";
			developmentRegion = English;
			hasScannedForEncodings = 0;
			knownRegions = (
				en,
				Base,
			);
			mainGroup = 7DC1897B1C045C6B005B8EB9;
			productRefGroup = 7DC189851C045C6B005B8EB9 /* Products */;
			projectDirPath = "";
			projectRoot = "";
			targets = (
				7DC189831C045C6B005B8EB9 /* Aiva */,
				7DC1899C1C045C6B005B8EB9 /* AivaTests */,
			);
		};
/* End PBXProject section */

/* Begin PBXResourcesBuildPhase section */
		7DC189821C045C6B005B8EB9 /* Resources */ = {
			isa = PBXResourcesBuildPhase;
			buildActionMask = 2147483647;
			files = (
				7DC189931C045C6B005B8EB9 /* Main.storyboard in Resources */,
				7DC189DE1C04641E005B8EB9 /* Welcomescreen in Resources */,
				7DC189981C045C6B005B8EB9 /* LaunchScreen.xib in Resources */,
				7D7BAA591C16A165009FD371 /* ActivityIndicatorView.xib in Resources */,
				7DC189951C045C6B005B8EB9 /* Images.xcassets in Resources */,
				7DC189DD1C04641E005B8EB9 /* Common in Resources */,
			);
			runOnlyForDeploymentPostprocessing = 0;
		};
		7DC1899B1C045C6B005B8EB9 /* Resources */ = {
			isa = PBXResourcesBuildPhase;
			buildActionMask = 2147483647;
			files = (
			);
			runOnlyForDeploymentPostprocessing = 0;
		};
/* End PBXResourcesBuildPhase section */

/* Begin PBXSourcesBuildPhase section */
		7DC189801C045C6B005B8EB9 /* Sources */ = {
			isa = PBXSourcesBuildPhase;
			buildActionMask = 2147483647;
			files = (
				7D7BAA691C16D22A009FD371 /* FBLoginView.m in Sources */,
				7DC189901C045C6B005B8EB9 /* AIVALoginScreenViewController.m in Sources */,
				7DE2730E1C06D659008AB767 /* AIVAUserInformation.m in Sources */,
				7DE0E5731C17EB1000383CAE /* APIClient+SignUpAPI.m in Sources */,
				7D7BAA6D1C16D26C009FD371 /* FBProfilePicView.m in Sources */,
				7DC189E21C046F30005B8EB9 /* AIVAEmailSignInViewController.m in Sources */,
				7DE0E5721C17EB1000383CAE /* APIClient+SignInAPI.m in Sources */,
				7DC189EA1C047B77005B8EB9 /* AIVASignUpViewController.m in Sources */,
				7DE46B661C081A2000D8A9C5 /* NSMutableURLRequest+DefaultHeader.m in Sources */,
				7D918F551C049526003C996D /* AIVAFacebookSignInViewController.m in Sources */,
				7D7BAA581C16A165009FD371 /* ActivityIndicatorView.m in Sources */,
				7DC1898D1C045C6B005B8EB9 /* AppDelegate.m in Sources */,
				7D7BAA421C1070A8009FD371 /* AIVAHomeScreenViewController.m in Sources */,
				7DC189E61C04756C005B8EB9 /* AIVAForgotPasswordViewController.m in Sources */,
				7DC1898A1C045C6B005B8EB9 /* main.m in Sources */,
				7DE0E5701C17EB1000383CAE /* APIClient.m in Sources */,
			);
			runOnlyForDeploymentPostprocessing = 0;
		};
		7DC189991C045C6B005B8EB9 /* Sources */ = {
			isa = PBXSourcesBuildPhase;
			buildActionMask = 2147483647;
			files = (
				7DC189A41C045C6B005B8EB9 /* AivaTests.m in Sources */,
			);
			runOnlyForDeploymentPostprocessing = 0;
		};
/* End PBXSourcesBuildPhase section */

/* Begin PBXTargetDependency section */
		7DC1899F1C045C6B005B8EB9 /* PBXTargetDependency */ = {
			isa = PBXTargetDependency;
			target = 7DC189831C045C6B005B8EB9 /* Aiva */;
			targetProxy = 7DC1899E1C045C6B005B8EB9 /* PBXContainerItemProxy */;
		};
/* End PBXTargetDependency section */

/* Begin PBXVariantGroup section */
		7DC189911C045C6B005B8EB9 /* Main.storyboard */ = {
			isa = PBXVariantGroup;
			children = (
				7DC189921C045C6B005B8EB9 /* Base */,
			);
			name = Main.storyboard;
			sourceTree = "<group>";
		};
		7DC189961C045C6B005B8EB9 /* LaunchScreen.xib */ = {
			isa = PBXVariantGroup;
			children = (
				7DC189971C045C6B005B8EB9 /* Base */,
			);
			name = LaunchScreen.xib;
			sourceTree = "<group>";
		};
/* End PBXVariantGroup section */

/* Begin XCBuildConfiguration section */
		7DC189A51C045C6B005B8EB9 /* Debug */ = {
			isa = XCBuildConfiguration;
			buildSettings = {
				ALWAYS_SEARCH_USER_PATHS = NO;
				CLANG_CXX_LANGUAGE_STANDARD = "gnu++0x";
				CLANG_CXX_LIBRARY = "libc++";
				CLANG_ENABLE_MODULES = YES;
				CLANG_ENABLE_OBJC_ARC = YES;
				CLANG_WARN_BOOL_CONVERSION = YES;
				CLANG_WARN_CONSTANT_CONVERSION = YES;
				CLANG_WARN_DIRECT_OBJC_ISA_USAGE = YES_ERROR;
				CLANG_WARN_EMPTY_BODY = YES;
				CLANG_WARN_ENUM_CONVERSION = YES;
				CLANG_WARN_INT_CONVERSION = YES;
				CLANG_WARN_OBJC_ROOT_CLASS = YES_ERROR;
				CLANG_WARN_UNREACHABLE_CODE = YES;
				CLANG_WARN__DUPLICATE_METHOD_MATCH = YES;
				"CODE_SIGN_IDENTITY[sdk=iphoneos*]" = "iPhone Developer";
				COPY_PHASE_STRIP = NO;
				DEBUG_INFORMATION_FORMAT = "dwarf-with-dsym";
				ENABLE_STRICT_OBJC_MSGSEND = YES;
				GCC_C_LANGUAGE_STANDARD = gnu99;
				GCC_DYNAMIC_NO_PIC = NO;
				GCC_NO_COMMON_BLOCKS = YES;
				GCC_OPTIMIZATION_LEVEL = 0;
				GCC_PREPROCESSOR_DEFINITIONS = (
					"DEBUG=1",
					"$(inherited)",
				);
				GCC_SYMBOLS_PRIVATE_EXTERN = NO;
				GCC_WARN_64_TO_32_BIT_CONVERSION = YES;
				GCC_WARN_ABOUT_RETURN_TYPE = YES_ERROR;
				GCC_WARN_UNDECLARED_SELECTOR = YES;
				GCC_WARN_UNINITIALIZED_AUTOS = YES_AGGRESSIVE;
				GCC_WARN_UNUSED_FUNCTION = YES;
				GCC_WARN_UNUSED_VARIABLE = YES;
				IPHONEOS_DEPLOYMENT_TARGET = 8.4;
				MTL_ENABLE_DEBUG_INFO = YES;
				ONLY_ACTIVE_ARCH = YES;
				SDKROOT = iphoneos;
			};
			name = Debug;
		};
		7DC189A61C045C6B005B8EB9 /* Release */ = {
			isa = XCBuildConfiguration;
			buildSettings = {
				ALWAYS_SEARCH_USER_PATHS = NO;
				CLANG_CXX_LANGUAGE_STANDARD = "gnu++0x";
				CLANG_CXX_LIBRARY = "libc++";
				CLANG_ENABLE_MODULES = YES;
				CLANG_ENABLE_OBJC_ARC = YES;
				CLANG_WARN_BOOL_CONVERSION = YES;
				CLANG_WARN_CONSTANT_CONVERSION = YES;
				CLANG_WARN_DIRECT_OBJC_ISA_USAGE = YES_ERROR;
				CLANG_WARN_EMPTY_BODY = YES;
				CLANG_WARN_ENUM_CONVERSION = YES;
				CLANG_WARN_INT_CONVERSION = YES;
				CLANG_WARN_OBJC_ROOT_CLASS = YES_ERROR;
				CLANG_WARN_UNREACHABLE_CODE = YES;
				CLANG_WARN__DUPLICATE_METHOD_MATCH = YES;
				"CODE_SIGN_IDENTITY[sdk=iphoneos*]" = "iPhone Developer";
				COPY_PHASE_STRIP = NO;
				DEBUG_INFORMATION_FORMAT = "dwarf-with-dsym";
				ENABLE_NS_ASSERTIONS = NO;
				ENABLE_STRICT_OBJC_MSGSEND = YES;
				GCC_C_LANGUAGE_STANDARD = gnu99;
				GCC_NO_COMMON_BLOCKS = YES;
				GCC_WARN_64_TO_32_BIT_CONVERSION = YES;
				GCC_WARN_ABOUT_RETURN_TYPE = YES_ERROR;
				GCC_WARN_UNDECLARED_SELECTOR = YES;
				GCC_WARN_UNINITIALIZED_AUTOS = YES_AGGRESSIVE;
				GCC_WARN_UNUSED_FUNCTION = YES;
				GCC_WARN_UNUSED_VARIABLE = YES;
				IPHONEOS_DEPLOYMENT_TARGET = 8.4;
				MTL_ENABLE_DEBUG_INFO = NO;
				SDKROOT = iphoneos;
				VALIDATE_PRODUCT = YES;
			};
			name = Release;
		};
		7DC189A81C045C6B005B8EB9 /* Debug */ = {
			isa = XCBuildConfiguration;
			buildSettings = {
				ASSETCATALOG_COMPILER_APPICON_NAME = AppIcon;
				INFOPLIST_FILE = Aiva/Info.plist;
				LD_RUNPATH_SEARCH_PATHS = "$(inherited) @executable_path/Frameworks";
				PRODUCT_NAME = "$(TARGET_NAME)";
			};
			name = Debug;
		};
		7DC189A91C045C6B005B8EB9 /* Release */ = {
			isa = XCBuildConfiguration;
			buildSettings = {
				ASSETCATALOG_COMPILER_APPICON_NAME = AppIcon;
				INFOPLIST_FILE = Aiva/Info.plist;
				LD_RUNPATH_SEARCH_PATHS = "$(inherited) @executable_path/Frameworks";
				PRODUCT_NAME = "$(TARGET_NAME)";
			};
			name = Release;
		};
		7DC189AB1C045C6B005B8EB9 /* Debug */ = {
			isa = XCBuildConfiguration;
			buildSettings = {
				BUNDLE_LOADER = "$(TEST_HOST)";
				FRAMEWORK_SEARCH_PATHS = (
					"$(SDKROOT)/Developer/Library/Frameworks",
					"$(inherited)",
				);
				GCC_PREPROCESSOR_DEFINITIONS = (
					"DEBUG=1",
					"$(inherited)",
				);
				INFOPLIST_FILE = AivaTests/Info.plist;
				LD_RUNPATH_SEARCH_PATHS = "$(inherited) @executable_path/Frameworks @loader_path/Frameworks";
				PRODUCT_NAME = "$(TARGET_NAME)";
				TEST_HOST = "$(BUILT_PRODUCTS_DIR)/Aiva.app/Aiva";
			};
			name = Debug;
		};
		7DC189AC1C045C6B005B8EB9 /* Release */ = {
			isa = XCBuildConfiguration;
			buildSettings = {
				BUNDLE_LOADER = "$(TEST_HOST)";
				FRAMEWORK_SEARCH_PATHS = (
					"$(SDKROOT)/Developer/Library/Frameworks",
					"$(inherited)",
				);
				INFOPLIST_FILE = AivaTests/Info.plist;
				LD_RUNPATH_SEARCH_PATHS = "$(inherited) @executable_path/Frameworks @loader_path/Frameworks";
				PRODUCT_NAME = "$(TARGET_NAME)";
				TEST_HOST = "$(BUILT_PRODUCTS_DIR)/Aiva.app/Aiva";
			};
			name = Release;
		};
/* End XCBuildConfiguration section */

/* Begin XCConfigurationList section */
		7DC1897F1C045C6B005B8EB9 /* Build configuration list for PBXProject "Aiva" */ = {
			isa = XCConfigurationList;
			buildConfigurations = (
				7DC189A51C045C6B005B8EB9 /* Debug */,
				7DC189A61C045C6B005B8EB9 /* Release */,
			);
			defaultConfigurationIsVisible = 0;
			defaultConfigurationName = Release;
		};
		7DC189A71C045C6B005B8EB9 /* Build configuration list for PBXNativeTarget "Aiva" */ = {
			isa = XCConfigurationList;
			buildConfigurations = (
				7DC189A81C045C6B005B8EB9 /* Debug */,
				7DC189A91C045C6B005B8EB9 /* Release */,
			);
			defaultConfigurationIsVisible = 0;
			defaultConfigurationName = Release;
		};
		7DC189AA1C045C6B005B8EB9 /* Build configuration list for PBXNativeTarget "AivaTests" */ = {
			isa = XCConfigurationList;
			buildConfigurations = (
				7DC189AB1C045C6B005B8EB9 /* Debug */,
				7DC189AC1C045C6B005B8EB9 /* Release */,
			);
			defaultConfigurationIsVisible = 0;
			defaultConfigurationName = Release;
		};
/* End XCConfigurationList section */
	};
	rootObject = 7DC1897C1C045C6B005B8EB9 /* Project object */;
}
